// !$*UTF8*$!
{
	archiveVersion = 1;
	classes = {
	};
	objectVersion = 56;
	objects = {

/* Begin PBXBuildFile section */
		E61B794D2E1BAE4C004B3049 /* AppDelegate.swift in Sources */ = {isa = PBXBuildFile; fileRef = E61B794C2E1BAE4C004B3049 /* AppDelegate.swift */; };
		E61B794F2E1BAE4C004B3049 /* SceneDelegate.swift in Sources */ = {isa = PBXBuildFile; fileRef = E61B794E2E1BAE4C004B3049 /* SceneDelegate.swift */; };
		E61B79512E1BAE4C004B3049 /* FirstScreen.swift in Sources */ = {isa = PBXBuildFile; fileRef = E61B79502E1BAE4C004B3049 /* FirstScreen.swift */; };
		E61B79562E1BAE4D004B3049 /* Assets.xcassets in Resources */ = {isa = PBXBuildFile; fileRef = E61B79552E1BAE4D004B3049 /* Assets.xcassets */; };
		E61B79592E1BAE4D004B3049 /* Base in Resources */ = {isa = PBXBuildFile; fileRef = E61B79582E1BAE4D004B3049 /* Base */; };
		E61B79612E1BB1C0004B3049 /* SecondScreen.swift in Sources */ = {isa = PBXBuildFile; fileRef = E61B79602E1BB1C0004B3049 /* SecondScreen.swift */; };
		E61B79632E1D96BF004B3049 /* UIKitLiquidGlassExample.swift in Sources */ = {isa = PBXBuildFile; fileRef = E61B79622E1D96BF004B3049 /* UIKitLiquidGlassExample.swift */; };
		E61B79662E1D9A6A004B3049 /* Inject in Frameworks */ = {isa = PBXBuildFile; productRef = E61B79652E1D9A6A004B3049 /* Inject */; };
/* End PBXBuildFile section */

/* Begin PBXFileReference section */
		E61B79492E1BAE4C004B3049 /* UIKitProgrammaticUI.app */ = {isa = PBXFileReference; explicitFileType = wrapper.application; includeInIndex = 0; path = UIKitProgrammaticUI.app; sourceTree = BUILT_PRODUCTS_DIR; };
		E61B794C2E1BAE4C004B3049 /* AppDelegate.swift */ = {isa = PBXFileReference; lastKnownFileType = sourcecode.swift; path = AppDelegate.swift; sourceTree = "<group>"; };
		E61B794E2E1BAE4C004B3049 /* SceneDelegate.swift */ = {isa = PBXFileReference; lastKnownFileType = sourcecode.swift; path = SceneDelegate.swift; sourceTree = "<group>"; };
		E61B79502E1BAE4C004B3049 /* FirstScreen.swift */ = {isa = PBXFileReference; lastKnownFileType = sourcecode.swift; path = FirstScreen.swift; sourceTree = "<group>"; };
		E61B79552E1BAE4D004B3049 /* Assets.xcassets */ = {isa = PBXFileReference; lastKnownFileType = folder.assetcatalog; path = Assets.xcassets; sourceTree = "<group>"; };
		E61B79582E1BAE4D004B3049 /* Base */ = {isa = PBXFileReference; lastKnownFileType = file.storyboard; name = Base; path = Base.lproj/LaunchScreen.storyboard; sourceTree = "<group>"; };
		E61B795A2E1BAE4D004B3049 /* Info.plist */ = {isa = PBXFileReference; lastKnownFileType = text.plist.xml; path = Info.plist; sourceTree = "<group>"; };
		E61B79602E1BB1C0004B3049 /* SecondScreen.swift */ = {isa = PBXFileReference; lastKnownFileType = sourcecode.swift; path = SecondScreen.swift; sourceTree = "<group>"; };
		E61B79622E1D96BF004B3049 /* UIKitLiquidGlassExample.swift */ = {isa = PBXFileReference; lastKnownFileType = sourcecode.swift; path = UIKitLiquidGlassExample.swift; sourceTree = "<group>"; };
/* End PBXFileReference section */

/* Begin PBXFrameworksBuildPhase section */
		E61B79462E1BAE4C004B3049 /* Frameworks */ = {
			isa = PBXFrameworksBuildPhase;
			buildActionMask = 2147483647;
			files = (
				E61B79662E1D9A6A004B3049 /* Inject in Frameworks */,
			);
			runOnlyForDeploymentPostprocessing = 0;
		};
/* End PBXFrameworksBuildPhase section */

/* Begin PBXGroup section */
		E61B79402E1BAE4C004B3049 = {
			isa = PBXGroup;
			children = (
				E61B794B2E1BAE4C004B3049 /* UIKitProgrammaticUI */,
				E61B794A2E1BAE4C004B3049 /* Products */,
			);
			sourceTree = "<group>";
		};
		E61B794A2E1BAE4C004B3049 /* Products */ = {
			isa = PBXGroup;
			children = (
				E61B79492E1BAE4C004B3049 /* UIKitProgrammaticUI.app */,
			);
			name = Products;
			sourceTree = "<group>";
		};
		E61B794B2E1BAE4C004B3049 /* UIKitProgrammaticUI */ = {
			isa = PBXGroup;
			children = (
				E61B794C2E1BAE4C004B3049 /* AppDelegate.swift */,
				E61B794E2E1BAE4C004B3049 /* SceneDelegate.swift */,
				E61B79502E1BAE4C004B3049 /* FirstScreen.swift */,
				E61B79552E1BAE4D004B3049 /* Assets.xcassets */,
				E61B79572E1BAE4D004B3049 /* LaunchScreen.storyboard */,
				E61B795A2E1BAE4D004B3049 /* Info.plist */,
				E61B79602E1BB1C0004B3049 /* SecondScreen.swift */,
				E61B79622E1D96BF004B3049 /* UIKitLiquidGlassExample.swift */,
			);
			path = UIKitProgrammaticUI;
			sourceTree = "<group>";
		};
/* End PBXGroup section */

/* Begin PBXNativeTarget section */
		E61B79482E1BAE4C004B3049 /* UIKitProgrammaticUI */ = {
			isa = PBXNativeTarget;
			buildConfigurationList = E61B795D2E1BAE4D004B3049 /* Build configuration list for PBXNativeTarget "UIKitProgrammaticUI" */;
			buildPhases = (
				E61B79452E1BAE4C004B3049 /* Sources */,
				E61B79462E1BAE4C004B3049 /* Frameworks */,
				E61B79472E1BAE4C004B3049 /* Resources */,
			);
			buildRules = (
			);
			dependencies = (
			);
			name = UIKitProgrammaticUI;
			packageProductDependencies = (
				E61B79652E1D9A6A004B3049 /* Inject */,
			);
			productName = UIKitProgrammaticUI;
			productReference = E61B79492E1BAE4C004B3049 /* UIKitProgrammaticUI.app */;
			productType = "com.apple.product-type.application";
		};
/* End PBXNativeTarget section */

/* Begin PBXProject section */
		E61B79412E1BAE4C004B3049 /* Project object */ = {
			isa = PBXProject;
			attributes = {
				BuildIndependentTargetsInParallel = 1;
				LastSwiftUpdateCheck = 1540;
				LastUpgradeCheck = 1540;
				TargetAttributes = {
					E61B79482E1BAE4C004B3049 = {
						CreatedOnToolsVersion = 15.4;
					};
				};
			};
			buildConfigurationList = E61B79442E1BAE4C004B3049 /* Build configuration list for PBXProject "UIKitProgrammaticUI" */;
			compatibilityVersion = "Xcode 14.0";
			developmentRegion = en;
			hasScannedForEncodings = 0;
			knownRegions = (
				en,
				Base,
			);
			mainGroup = E61B79402E1BAE4C004B3049;
			packageReferences = (
				E61B79642E1D9A6A004B3049 /* XCRemoteSwiftPackageReference "Inject" */,
			);
			productRefGroup = E61B794A2E1BAE4C004B3049 /* Products */;
			projectDirPath = "";
			projectRoot = "";
			targets = (
				E61B79482E1BAE4C004B3049 /* UIKitProgrammaticUI */,
			);
		};
/* End PBXProject section */

/* Begin PBXResourcesBuildPhase section */
		E61B79472E1BAE4C004B3049 /* Resources */ = {
			isa = PBXResourcesBuildPhase;
			buildActionMask = 2147483647;
			files = (
				E61B79562E1BAE4D004B3049 /* Assets.xcassets in Resources */,
				E61B79592E1BAE4D004B3049 /* Base in Resources */,
			);
			runOnlyForDeploymentPostprocessing = 0;
		};
/* End PBXResourcesBuildPhase section */

/* Begin PBXSourcesBuildPhase section */
		E61B79452E1BAE4C004B3049 /* Sources */ = {
			isa = PBXSourcesBuildPhase;
			buildActionMask = 2147483647;
			files = (
				E61B79512E1BAE4C004B3049 /* FirstScreen.swift in Sources */,
				E61B79612E1BB1C0004B3049 /* SecondScreen.swift in Sources */,
				E61B794D2E1BAE4C004B3049 /* AppDelegate.swift in Sources */,
				E61B79632E1D96BF004B3049 /* UIKitLiquidGlassExample.swift in Sources */,
				E61B794F2E1BAE4C004B3049 /* SceneDelegate.swift in Sources */,
			);
			runOnlyForDeploymentPostprocessing = 0;
		};
/* End PBXSourcesBuildPhase section */

/* Begin PBXVariantGroup section */
		E61B79572E1BAE4D004B3049 /* LaunchScreen.storyboard */ = {
			isa = PBXVariantGroup;
			children = (
				E61B79582E1BAE4D004B3049 /* Base */,
			);
			name = LaunchScreen.storyboard;
			sourceTree = "<group>";
		};
/* End PBXVariantGroup section */

/* Begin XCBuildConfiguration section */
		E61B795B2E1BAE4D004B3049 /* Debug */ = {
			isa = XCBuildConfiguration;
			buildSettings = {
				ALWAYS_SEARCH_USER_PATHS = NO;
				ASSETCATALOG_COMPILER_GENERATE_SWIFT_ASSET_SYMBOL_EXTENSIONS = YES;
				CLANG_ANALYZER_NONNULL = YES;
				CLANG_ANALYZER_NUMBER_OBJECT_CONVERSION = YES_AGGRESSIVE;
				CLANG_CXX_LANGUAGE_STANDARD = "gnu++20";
				CLANG_ENABLE_MODULES = YES;
				CLANG_ENABLE_OBJC_ARC = YES;
				CLANG_ENABLE_OBJC_WEAK = YES;
				CLANG_WARN_BLOCK_CAPTURE_AUTORELEASING = YES;
				CLANG_WARN_BOOL_CONVERSION = YES;
				CLANG_WARN_COMMA = YES;
				CLANG_WARN_CONSTANT_CONVERSION = YES;
				CLANG_WARN_DEPRECATED_OBJC_IMPLEMENTATIONS = YES;
				CLANG_WARN_DIRECT_OBJC_ISA_USAGE = YES_ERROR;
				CLANG_WARN_DOCUMENTATION_COMMENTS = YES;
				CLANG_WARN_EMPTY_BODY = YES;
				CLANG_WARN_ENUM_CONVERSION = YES;
				CLANG_WARN_INFINITE_RECURSION = YES;
				CLANG_WARN_INT_CONVERSION = YES;
				CLANG_WARN_NON_LITERAL_NULL_CONVERSION = YES;
				CLANG_WARN_OBJC_IMPLICIT_RETAIN_SELF = YES;
				CLANG_WARN_OBJC_LITERAL_CONVERSION = YES;
				CLANG_WARN_OBJC_ROOT_CLASS = YES_ERROR;
				CLANG_WARN_QUOTED_INCLUDE_IN_FRAMEWORK_HEADER = YES;
				CLANG_WARN_RANGE_LOOP_ANALYSIS = YES;
				CLANG_WARN_STRICT_PROTOTYPES = YES;
				CLANG_WARN_SUSPICIOUS_MOVE = YES;
				CLANG_WARN_UNGUARDED_AVAILABILITY = YES_AGGRESSIVE;
				CLANG_WARN_UNREACHABLE_CODE = YES;
				CLANG_WARN__DUPLICATE_METHOD_MATCH = YES;
				COPY_PHASE_STRIP = NO;
				DEBUG_INFORMATION_FORMAT = dwarf;
				ENABLE_STRICT_OBJC_MSGSEND = YES;
				ENABLE_TESTABILITY = YES;
				ENABLE_USER_SCRIPT_SANDBOXING = YES;
				GCC_C_LANGUAGE_STANDARD = gnu17;
				GCC_DYNAMIC_NO_PIC = NO;
				GCC_NO_COMMON_BLOCKS = YES;
				GCC_OPTIMIZATION_LEVEL = 0;
				GCC_PREPROCESSOR_DEFINITIONS = (
					"DEBUG=1",
					"$(inherited)",
				);
				GCC_WARN_64_TO_32_BIT_CONVERSION = YES;
				GCC_WARN_ABOUT_RETURN_TYPE = YES_ERROR;
				GCC_WARN_UNDECLARED_SELECTOR = YES;
				GCC_WARN_UNINITIALIZED_AUTOS = YES_AGGRESSIVE;
				GCC_WARN_UNUSED_FUNCTION = YES;
				GCC_WARN_UNUSED_VARIABLE = YES;
				IPHONEOS_DEPLOYMENT_TARGET = 17.5;
				LOCALIZATION_PREFERS_STRING_CATALOGS = YES;
				MTL_ENABLE_DEBUG_INFO = INCLUDE_SOURCE;
				MTL_FAST_MATH = YES;
				ONLY_ACTIVE_ARCH = YES;
				SDKROOT = iphoneos;
				SWIFT_ACTIVE_COMPILATION_CONDITIONS = "DEBUG $(inherited)";
				SWIFT_OPTIMIZATION_LEVEL = "-Onone";
			};
			name = Debug;
		};
		E61B795C2E1BAE4D004B3049 /* Release */ = {
			isa = XCBuildConfiguration;
			buildSettings = {
				ALWAYS_SEARCH_USER_PATHS = NO;
				ASSETCATALOG_COMPILER_GENERATE_SWIFT_ASSET_SYMBOL_EXTENSIONS = YES;
				CLANG_ANALYZER_NONNULL = YES;
				CLANG_ANALYZER_NUMBER_OBJECT_CONVERSION = YES_AGGRESSIVE;
				CLANG_CXX_LANGUAGE_STANDARD = "gnu++20";
				CLANG_ENABLE_MODULES = YES;
				CLANG_ENABLE_OBJC_ARC = YES;
				CLANG_ENABLE_OBJC_WEAK = YES;
				CLANG_WARN_BLOCK_CAPTURE_AUTORELEASING = YES;
				CLANG_WARN_BOOL_CONVERSION = YES;
				CLANG_WARN_COMMA = YES;
				CLANG_WARN_CONSTANT_CONVERSION = YES;
				CLANG_WARN_DEPRECATED_OBJC_IMPLEMENTATIONS = YES;
				CLANG_WARN_DIRECT_OBJC_ISA_USAGE = YES_ERROR;
				CLANG_WARN_DOCUMENTATION_COMMENTS = YES;
				CLANG_WARN_EMPTY_BODY = YES;
				CLANG_WARN_ENUM_CONVERSION = YES;
				CLANG_WARN_INFINITE_RECURSION = YES;
				CLANG_WARN_INT_CONVERSION = YES;
				CLANG_WARN_NON_LITERAL_NULL_CONVERSION = YES;
				CLANG_WARN_OBJC_IMPLICIT_RETAIN_SELF = YES;
				CLANG_WARN_OBJC_LITERAL_CONVERSION = YES;
				CLANG_WARN_OBJC_ROOT_CLASS = YES_ERROR;
				CLANG_WARN_QUOTED_INCLUDE_IN_FRAMEWORK_HEADER = YES;
				CLANG_WARN_RANGE_LOOP_ANALYSIS = YES;
				CLANG_WARN_STRICT_PROTOTYPES = YES;
				CLANG_WARN_SUSPICIOUS_MOVE = YES;
				CLANG_WARN_UNGUARDED_AVAILABILITY = YES_AGGRESSIVE;
				CLANG_WARN_UNREACHABLE_CODE = YES;
				CLANG_WARN__DUPLICATE_METHOD_MATCH = YES;
				COPY_PHASE_STRIP = NO;
				DEBUG_INFORMATION_FORMAT = "dwarf-with-dsym";
				ENABLE_NS_ASSERTIONS = NO;
				ENABLE_STRICT_OBJC_MSGSEND = YES;
				ENABLE_USER_SCRIPT_SANDBOXING = YES;
				GCC_C_LANGUAGE_STANDARD = gnu17;
				GCC_NO_COMMON_BLOCKS = YES;
				GCC_WARN_64_TO_32_BIT_CONVERSION = YES;
				GCC_WARN_ABOUT_RETURN_TYPE = YES_ERROR;
				GCC_WARN_UNDECLARED_SELECTOR = YES;
				GCC_WARN_UNINITIALIZED_AUTOS = YES_AGGRESSIVE;
				GCC_WARN_UNUSED_FUNCTION = YES;
				GCC_WARN_UNUSED_VARIABLE = YES;
				IPHONEOS_DEPLOYMENT_TARGET = 17.5;
				LOCALIZATION_PREFERS_STRING_CATALOGS = YES;
				MTL_ENABLE_DEBUG_INFO = NO;
				MTL_FAST_MATH = YES;
				SDKROOT = iphoneos;
				SWIFT_COMPILATION_MODE = wholemodule;
				VALIDATE_PRODUCT = YES;
			};
			name = Release;
		};
		E61B795E2E1BAE4D004B3049 /* Debug */ = {
			isa = XCBuildConfiguration;
			buildSettings = {
				ASSETCATALOG_COMPILER_APPICON_NAME = AppIcon;
				ASSETCATALOG_COMPILER_GLOBAL_ACCENT_COLOR_NAME = AccentColor;
				CODE_SIGN_STYLE = Automatic;
				CURRENT_PROJECT_VERSION = 1;
				DEVELOPMENT_TEAM = GY77Y3UBV5;
				GENERATE_INFOPLIST_FILE = YES;
				INFOPLIST_FILE = UIKitProgrammaticUI/Info.plist;
				INFOPLIST_KEY_UIApplicationSupportsIndirectInputEvents = YES;
				INFOPLIST_KEY_UILaunchStoryboardName = LaunchScreen;
				INFOPLIST_KEY_UISupportedInterfaceOrientations_iPad = "UIInterfaceOrientationPortrait UIInterfaceOrientationPortraitUpsideDown UIInterfaceOrientationLandscapeLeft UIInterfaceOrientationLandscapeRight";
				INFOPLIST_KEY_UISupportedInterfaceOrientations_iPhone = "UIInterfaceOrientationPortrait UIInterfaceOrientationLandscapeLeft UIInterfaceOrientationLandscapeRight";
				LD_RUNPATH_SEARCH_PATHS = (
					"$(inherited)",
					"@executable_path/Frameworks",
				);
				MARKETING_VERSION = 1.0;
				"OTHER_LDFLAGS[arch=*]" = (
					"-Xlinker",
					"-interposable",
				);
				PRODUCT_BUNDLE_IDENTIFIER = com.fatihyuksel.UIKitProgrammaticUI;
				PRODUCT_NAME = "$(TARGET_NAME)";
				SWIFT_EMIT_LOC_STRINGS = YES;
				SWIFT_VERSION = 5.0;
				TARGETED_DEVICE_FAMILY = "1,2";
			};
			name = Debug;
		};
		E61B795F2E1BAE4D004B3049 /* Release */ = {
			isa = XCBuildConfiguration;
			buildSettings = {
				ASSETCATALOG_COMPILER_APPICON_NAME = AppIcon;
				ASSETCATALOG_COMPILER_GLOBAL_ACCENT_COLOR_NAME = AccentColor;
				CODE_SIGN_STYLE = Automatic;
				CURRENT_PROJECT_VERSION = 1;
				DEVELOPMENT_TEAM = GY77Y3UBV5;
				GENERATE_INFOPLIST_FILE = YES;
				INFOPLIST_FILE = UIKitProgrammaticUI/Info.plist;
				INFOPLIST_KEY_UIApplicationSupportsIndirectInputEvents = YES;
				INFOPLIST_KEY_UILaunchStoryboardName = LaunchScreen;
				INFOPLIST_KEY_UISupportedInterfaceOrientations_iPad = "UIInterfaceOrientationPortrait UIInterfaceOrientationPortraitUpsideDown UIInterfaceOrientationLandscapeLeft UIInterfaceOrientationLandscapeRight";
				INFOPLIST_KEY_UISupportedInterfaceOrientations_iPhone = "UIInterfaceOrientationPortrait UIInterfaceOrientationLandscapeLeft UIInterfaceOrientationLandscapeRight";
				LD_RUNPATH_SEARCH_PATHS = (
					"$(inherited)",
					"@executable_path/Frameworks",
				);
				MARKETING_VERSION = 1.0;
				PRODUCT_BUNDLE_IDENTIFIER = com.fatihyuksel.UIKitProgrammaticUI;
				PRODUCT_NAME = "$(TARGET_NAME)";
				SWIFT_EMIT_LOC_STRINGS = YES;
				SWIFT_VERSION = 5.0;
				TARGETED_DEVICE_FAMILY = "1,2";
			};
			name = Release;
		};
/* End XCBuildConfiguration section */

/* Begin XCConfigurationList section */
		E61B79442E1BAE4C004B3049 /* Build configuration list for PBXProject "UIKitProgrammaticUI" */ = {
			isa = XCConfigurationList;
			buildConfigurations = (
				E61B795B2E1BAE4D004B3049 /* Debug */,
				E61B795C2E1BAE4D004B3049 /* Release */,
			);
			defaultConfigurationIsVisible = 0;
			defaultConfigurationName = Release;
		};
		E61B795D2E1BAE4D004B3049 /* Build configuration list for PBXNativeTarget "UIKitProgrammaticUI" */ = {
			isa = XCConfigurationList;
			buildConfigurations = (
				E61B795E2E1BAE4D004B3049 /* Debug */,
				E61B795F2E1BAE4D004B3049 /* Release */,
			);
			defaultConfigurationIsVisible = 0;
			defaultConfigurationName = Release;
		};
/* End XCConfigurationList section */

/* Begin XCRemoteSwiftPackageReference section */
		E61B79642E1D9A6A004B3049 /* XCRemoteSwiftPackageReference "Inject" */ = {
			isa = XCRemoteSwiftPackageReference;
			repositoryURL = "https://github.com/krzysztofzablocki/Inject";
			requirement = {
				kind = upToNextMajorVersion;
				minimumVersion = 1.5.2;
			};
		};
/* End XCRemoteSwiftPackageReference section */

/* Begin XCSwiftPackageProductDependency section */
		E61B79652E1D9A6A004B3049 /* Inject */ = {
			isa = XCSwiftPackageProductDependency;
			package = E61B79642E1D9A6A004B3049 /* XCRemoteSwiftPackageReference "Inject" */;
			productName = Inject;
		};
/* End XCSwiftPackageProductDependency section */
	};
	rootObject = E61B79412E1BAE4C004B3049 /* Project object */;
}
